
Microsoft Visual Studio Solution File, Format Version 12.00
# Visual Studio Version 17
VisualStudioVersion = 17.11.35327.3
MinimumVisualStudioVersion = 10.0.40219.1
Project("{9A19103F-16F7-4668-BE54-9A1E7A4F7556}") = "Sample GUI", "Sample GUI\Sample GUI.csproj", "{4E8C2AD3-114E-46AF-ACF6-7400A89FC6F8}"
EndProject
Project("{54435603-DBB4-11D2-8724-00A0C9A8B90C}") = "Serial_Terminal", "Serial_Terminal\Serial_Terminal.vdproj", "{0B682489-041E-4C1C-942B-F4E86AC20995}"
EndProject
Global
	GlobalSection(SolutionConfigurationPlatforms) = preSolution
		Debug|Any CPU = Debug|Any CPU
		Release|Any CPU = Release|Any CPU
	EndGlobalSection
	GlobalSection(ProjectConfigurationPlatforms) = postSolution
		{4E8C2AD3-114E-46AF-ACF6-7400A89FC6F8}.Debug|Any CPU.ActiveCfg = Debug|Any CPU
		{4E8C2AD3-114E-46AF-ACF6-7400A89FC6F8}.Debug|Any CPU.Build.0 = Debug|Any CPU
		{4E8C2AD3-114E-46AF-ACF6-7400A89FC6F8}.Release|Any CPU.ActiveCfg = Release|Any CPU
		{4E8C2AD3-114E-46AF-ACF6-7400A89FC6F8}.Release|Any CPU.Build.0 = Release|Any CPU
		{0B682489-041E-4C1C-942B-F4E86AC20995}.Debug|Any CPU.ActiveCfg = Debug
		{0B682489-041E-4C1C-942B-F4E86AC20995}.Release|Any CPU.ActiveCfg = Release
	EndGlobalSection
	GlobalSection(SolutionProperties) = preSolution
		HideSolutionNode = FALSE
	EndGlobalSection
	GlobalSection(ExtensibilityGlobals) = postSolution
		SolutionGuid = {3209FEF8-98B6-4853-A2E9-5620B569AD5A}
	EndGlobalSection
EndGlobal
